# THIS IS AN AUTOGENERATED FILE. DO NOT EDIT THIS FILE DIRECTLY.
# yarn lockfile v1


"@lyrasearch/lyra@0.2.4":
  version "0.2.4"
  resolved "https://registry.yarnpkg.com/@lyrasearch/lyra/-/lyra-0.2.4.tgz#982090699103e55c80d367dd3b5c64ae6c068237"
  integrity sha512-yTWq0wFv+DylA+2FNGnUck11u0BBvQI+TMv00OZ+Q3pldbZiy3Ps05rHvPgwbGQDtHGQ1nri8ZHz55enZ8vqNQ==
